// !$*UTF8*$!
{
	archiveVersion = 1;
	classes = {
	};
	objectVersion = 56;
	objects = {

/* Begin PBXBuildFile section */
		84C2DC1529F1A75E004DECD0 /* FruitsApp.swift in Sources */ = {isa = PBXBuildFile; fileRef = 84C2DC1429F1A75E004DECD0 /* FruitsApp.swift */; };
		84C2DC1729F1A75E004DECD0 /* ContentView.swift in Sources */ = {isa = PBXBuildFile; fileRef = 84C2DC1629F1A75E004DECD0 /* ContentView.swift */; };
		84C2DC1929F1A760004DECD0 /* Assets.xcassets in Resources */ = {isa = PBXBuildFile; fileRef = 84C2DC1829F1A760004DECD0 /* Assets.xcassets */; };
		84C2DC1C29F1A760004DECD0 /* Preview Assets.xcassets in Resources */ = {isa = PBXBuildFile; fileRef = 84C2DC1B29F1A760004DECD0 /* Preview Assets.xcassets */; };
		84C2DC2529F1AB84004DECD0 /* FruitCardView.swift in Sources */ = {isa = PBXBuildFile; fileRef = 84C2DC2429F1AB84004DECD0 /* FruitCardView.swift */; };
		84C2DC2729F1B099004DECD0 /* StartButtonView.swift in Sources */ = {isa = PBXBuildFile; fileRef = 84C2DC2629F1B099004DECD0 /* StartButtonView.swift */; };
		84C2DC2929F1B5C8004DECD0 /* OnboardingView.swift in Sources */ = {isa = PBXBuildFile; fileRef = 84C2DC2829F1B5C8004DECD0 /* OnboardingView.swift */; };
		84C2DC2C29F2EC53004DECD0 /* FruitsModel.swift in Sources */ = {isa = PBXBuildFile; fileRef = 84C2DC2B29F2EC53004DECD0 /* FruitsModel.swift */; };
		84C2DC2F29F2ED78004DECD0 /* FruitData.swift in Sources */ = {isa = PBXBuildFile; fileRef = 84C2DC2E29F2ED78004DECD0 /* FruitData.swift */; };
		84C2DC3129F2F884004DECD0 /* FruitRowView.swift in Sources */ = {isa = PBXBuildFile; fileRef = 84C2DC3029F2F884004DECD0 /* FruitRowView.swift */; };
		84C2DC3329F30264004DECD0 /* FruitDetailView.swift in Sources */ = {isa = PBXBuildFile; fileRef = 84C2DC3229F30264004DECD0 /* FruitDetailView.swift */; };
		84C2DC3529F30669004DECD0 /* FruitHeaderView.swift in Sources */ = {isa = PBXBuildFile; fileRef = 84C2DC3429F30669004DECD0 /* FruitHeaderView.swift */; };
		84C2DC3729F30955004DECD0 /* SourceLinkView.swift in Sources */ = {isa = PBXBuildFile; fileRef = 84C2DC3629F30955004DECD0 /* SourceLinkView.swift */; };
		84C2DC3929F30C48004DECD0 /* FruitNutrientsView.swift in Sources */ = {isa = PBXBuildFile; fileRef = 84C2DC3829F30C48004DECD0 /* FruitNutrientsView.swift */; };
		84C2DC3B29F311AB004DECD0 /* SetingsView.swift in Sources */ = {isa = PBXBuildFile; fileRef = 84C2DC3A29F311AB004DECD0 /* SetingsView.swift */; };
		84C2DC3D29F31A41004DECD0 /* SettingsLabelView.swift in Sources */ = {isa = PBXBuildFile; fileRef = 84C2DC3C29F31A41004DECD0 /* SettingsLabelView.swift */; };
		84C2DC3F29F31FCC004DECD0 /* SettingsRowView.swift in Sources */ = {isa = PBXBuildFile; fileRef = 84C2DC3E29F31FCC004DECD0 /* SettingsRowView.swift */; };
/* End PBXBuildFile section */

/* Begin PBXFileReference section */
		84C2DC1129F1A75E004DECD0 /* Fruits.app */ = {isa = PBXFileReference; explicitFileType = wrapper.application; includeInIndex = 0; path = Fruits.app; sourceTree = BUILT_PRODUCTS_DIR; };
		84C2DC1429F1A75E004DECD0 /* FruitsApp.swift */ = {isa = PBXFileReference; lastKnownFileType = sourcecode.swift; path = FruitsApp.swift; sourceTree = "<group>"; };
		84C2DC1629F1A75E004DECD0 /* ContentView.swift */ = {isa = PBXFileReference; lastKnownFileType = sourcecode.swift; path = ContentView.swift; sourceTree = "<group>"; };
		84C2DC1829F1A760004DECD0 /* Assets.xcassets */ = {isa = PBXFileReference; lastKnownFileType = folder.assetcatalog; path = Assets.xcassets; sourceTree = "<group>"; };
		84C2DC1B29F1A760004DECD0 /* Preview Assets.xcassets */ = {isa = PBXFileReference; lastKnownFileType = folder.assetcatalog; path = "Preview Assets.xcassets"; sourceTree = "<group>"; };
		84C2DC2429F1AB84004DECD0 /* FruitCardView.swift */ = {isa = PBXFileReference; lastKnownFileType = sourcecode.swift; path = FruitCardView.swift; sourceTree = "<group>"; };
		84C2DC2629F1B099004DECD0 /* StartButtonView.swift */ = {isa = PBXFileReference; lastKnownFileType = sourcecode.swift; path = StartButtonView.swift; sourceTree = "<group>"; };
		84C2DC2829F1B5C8004DECD0 /* OnboardingView.swift */ = {isa = PBXFileReference; lastKnownFileType = sourcecode.swift; path = OnboardingView.swift; sourceTree = "<group>"; };
		84C2DC2B29F2EC53004DECD0 /* FruitsModel.swift */ = {isa = PBXFileReference; lastKnownFileType = sourcecode.swift; path = FruitsModel.swift; sourceTree = "<group>"; };
		84C2DC2E29F2ED78004DECD0 /* FruitData.swift */ = {isa = PBXFileReference; lastKnownFileType = sourcecode.swift; path = FruitData.swift; sourceTree = "<group>"; };
		84C2DC3029F2F884004DECD0 /* FruitRowView.swift */ = {isa = PBXFileReference; lastKnownFileType = sourcecode.swift; path = FruitRowView.swift; sourceTree = "<group>"; };
		84C2DC3229F30264004DECD0 /* FruitDetailView.swift */ = {isa = PBXFileReference; lastKnownFileType = sourcecode.swift; path = FruitDetailView.swift; sourceTree = "<group>"; };
		84C2DC3429F30669004DECD0 /* FruitHeaderView.swift */ = {isa = PBXFileReference; lastKnownFileType = sourcecode.swift; path = FruitHeaderView.swift; sourceTree = "<group>"; };
		84C2DC3629F30955004DECD0 /* SourceLinkView.swift */ = {isa = PBXFileReference; lastKnownFileType = sourcecode.swift; path = SourceLinkView.swift; sourceTree = "<group>"; };
		84C2DC3829F30C48004DECD0 /* FruitNutrientsView.swift */ = {isa = PBXFileReference; lastKnownFileType = sourcecode.swift; path = FruitNutrientsView.swift; sourceTree = "<group>"; };
		84C2DC3A29F311AB004DECD0 /* SetingsView.swift */ = {isa = PBXFileReference; lastKnownFileType = sourcecode.swift; path = SetingsView.swift; sourceTree = "<group>"; };
		84C2DC3C29F31A41004DECD0 /* SettingsLabelView.swift */ = {isa = PBXFileReference; lastKnownFileType = sourcecode.swift; path = SettingsLabelView.swift; sourceTree = "<group>"; };
		84C2DC3E29F31FCC004DECD0 /* SettingsRowView.swift */ = {isa = PBXFileReference; lastKnownFileType = sourcecode.swift; path = SettingsRowView.swift; sourceTree = "<group>"; };
/* End PBXFileReference section */

/* Begin PBXFrameworksBuildPhase section */
		84C2DC0E29F1A75E004DECD0 /* Frameworks */ = {
			isa = PBXFrameworksBuildPhase;
			buildActionMask = 2147483647;
			files = (
			);
			runOnlyForDeploymentPostprocessing = 0;
		};
/* End PBXFrameworksBuildPhase section */

/* Begin PBXGroup section */
		84C2DC0829F1A75E004DECD0 = {
			isa = PBXGroup;
			children = (
				84C2DC1329F1A75E004DECD0 /* Fruits */,
				84C2DC1229F1A75E004DECD0 /* Products */,
			);
			sourceTree = "<group>";
		};
		84C2DC1229F1A75E004DECD0 /* Products */ = {
			isa = PBXGroup;
			children = (
				84C2DC1129F1A75E004DECD0 /* Fruits.app */,
			);
			name = Products;
			sourceTree = "<group>";
		};
		84C2DC1329F1A75E004DECD0 /* Fruits */ = {
			isa = PBXGroup;
			children = (
				84C2DC2229F1AB0C004DECD0 /* App */,
				84C2DC2329F1AB4D004DECD0 /* View */,
				84C2DC2D29F2ED64004DECD0 /* Data */,
				84C2DC2A29F2EC3F004DECD0 /* Model */,
				84C2DC1829F1A760004DECD0 /* Assets.xcassets */,
				84C2DC1A29F1A760004DECD0 /* Preview Content */,
			);
			path = Fruits;
			sourceTree = "<group>";
		};
		84C2DC1A29F1A760004DECD0 /* Preview Content */ = {
			isa = PBXGroup;
			children = (
				84C2DC1B29F1A760004DECD0 /* Preview Assets.xcassets */,
			);
			path = "Preview Content";
			sourceTree = "<group>";
		};
		84C2DC2229F1AB0C004DECD0 /* App */ = {
			isa = PBXGroup;
			children = (
				84C2DC1429F1A75E004DECD0 /* FruitsApp.swift */,
				84C2DC1629F1A75E004DECD0 /* ContentView.swift */,
				84C2DC2829F1B5C8004DECD0 /* OnboardingView.swift */,
				84C2DC3229F30264004DECD0 /* FruitDetailView.swift */,
				84C2DC3A29F311AB004DECD0 /* SetingsView.swift */,
			);
			path = App;
			sourceTree = "<group>";
		};
		84C2DC2329F1AB4D004DECD0 /* View */ = {
			isa = PBXGroup;
			children = (
				84C2DC2629F1B099004DECD0 /* StartButtonView.swift */,
				84C2DC2429F1AB84004DECD0 /* FruitCardView.swift */,
				84C2DC3029F2F884004DECD0 /* FruitRowView.swift */,
				84C2DC3429F30669004DECD0 /* FruitHeaderView.swift */,
				84C2DC3629F30955004DECD0 /* SourceLinkView.swift */,
				84C2DC3829F30C48004DECD0 /* FruitNutrientsView.swift */,
				84C2DC3C29F31A41004DECD0 /* SettingsLabelView.swift */,
				84C2DC3E29F31FCC004DECD0 /* SettingsRowView.swift */,
			);
			path = View;
			sourceTree = "<group>";
		};
		84C2DC2A29F2EC3F004DECD0 /* Model */ = {
			isa = PBXGroup;
			children = (
				84C2DC2B29F2EC53004DECD0 /* FruitsModel.swift */,
			);
			path = Model;
			sourceTree = "<group>";
		};
		84C2DC2D29F2ED64004DECD0 /* Data */ = {
			isa = PBXGroup;
			children = (
				84C2DC2E29F2ED78004DECD0 /* FruitData.swift */,
			);
			path = Data;
			sourceTree = "<group>";
		};
/* End PBXGroup section */

/* Begin PBXNativeTarget section */
		84C2DC1029F1A75E004DECD0 /* Fruits */ = {
			isa = PBXNativeTarget;
			buildConfigurationList = 84C2DC1F29F1A760004DECD0 /* Build configuration list for PBXNativeTarget "Fruits" */;
			buildPhases = (
				84C2DC0D29F1A75E004DECD0 /* Sources */,
				84C2DC0E29F1A75E004DECD0 /* Frameworks */,
				84C2DC0F29F1A75E004DECD0 /* Resources */,
			);
			buildRules = (
			);
			dependencies = (
			);
			name = Fruits;
			productName = Fruits;
			productReference = 84C2DC1129F1A75E004DECD0 /* Fruits.app */;
			productType = "com.apple.product-type.application";
		};
/* End PBXNativeTarget section */

/* Begin PBXProject section */
		84C2DC0929F1A75E004DECD0 /* Project object */ = {
			isa = PBXProject;
			attributes = {
				BuildIndependentTargetsInParallel = 1;
				LastSwiftUpdateCheck = 1420;
				LastUpgradeCheck = 1420;
				TargetAttributes = {
					84C2DC1029F1A75E004DECD0 = {
						CreatedOnToolsVersion = 14.2;
					};
				};
			};
			buildConfigurationList = 84C2DC0C29F1A75E004DECD0 /* Build configuration list for PBXProject "Fruits" */;
			compatibilityVersion = "Xcode 14.0";
			developmentRegion = en;
			hasScannedForEncodings = 0;
			knownRegions = (
				en,
				Base,
			);
			mainGroup = 84C2DC0829F1A75E004DECD0;
			productRefGroup = 84C2DC1229F1A75E004DECD0 /* Products */;
			projectDirPath = "";
			projectRoot = "";
			targets = (
				84C2DC1029F1A75E004DECD0 /* Fruits */,
			);
		};
/* End PBXProject section */

/* Begin PBXResourcesBuildPhase section */
		84C2DC0F29F1A75E004DECD0 /* Resources */ = {
			isa = PBXResourcesBuildPhase;
			buildActionMask = 2147483647;
			files = (
				84C2DC1C29F1A760004DECD0 /* Preview Assets.xcassets in Resources */,
				84C2DC1929F1A760004DECD0 /* Assets.xcassets in Resources */,
			);
			runOnlyForDeploymentPostprocessing = 0;
		};
/* End PBXResourcesBuildPhase section */

/* Begin PBXSourcesBuildPhase section */
		84C2DC0D29F1A75E004DECD0 /* Sources */ = {
			isa = PBXSourcesBuildPhase;
			buildActionMask = 2147483647;
			files = (
				84C2DC3B29F311AB004DECD0 /* SetingsView.swift in Sources */,
				84C2DC2F29F2ED78004DECD0 /* FruitData.swift in Sources */,
				84C2DC3F29F31FCC004DECD0 /* SettingsRowView.swift in Sources */,
				84C2DC3729F30955004DECD0 /* SourceLinkView.swift in Sources */,
				84C2DC2529F1AB84004DECD0 /* FruitCardView.swift in Sources */,
				84C2DC3129F2F884004DECD0 /* FruitRowView.swift in Sources */,
				84C2DC3929F30C48004DECD0 /* FruitNutrientsView.swift in Sources */,
				84C2DC2729F1B099004DECD0 /* StartButtonView.swift in Sources */,
				84C2DC3329F30264004DECD0 /* FruitDetailView.swift in Sources */,
				84C2DC2C29F2EC53004DECD0 /* FruitsModel.swift in Sources */,
				84C2DC3529F30669004DECD0 /* FruitHeaderView.swift in Sources */,
				84C2DC3D29F31A41004DECD0 /* SettingsLabelView.swift in Sources */,
				84C2DC1729F1A75E004DECD0 /* ContentView.swift in Sources */,
				84C2DC2929F1B5C8004DECD0 /* OnboardingView.swift in Sources */,
				84C2DC1529F1A75E004DECD0 /* FruitsApp.swift in Sources */,
			);
			runOnlyForDeploymentPostprocessing = 0;
		};
/* End PBXSourcesBuildPhase section */

/* Begin XCBuildConfiguration section */
		84C2DC1D29F1A760004DECD0 /* Debug */ = {
			isa = XCBuildConfiguration;
			buildSettings = {
				ALWAYS_SEARCH_USER_PATHS = NO;
				CLANG_ANALYZER_NONNULL = YES;
				CLANG_ANALYZER_NUMBER_OBJECT_CONVERSION = YES_AGGRESSIVE;
				CLANG_CXX_LANGUAGE_STANDARD = "gnu++20";
				CLANG_ENABLE_MODULES = YES;
				CLANG_ENABLE_OBJC_ARC = YES;
				CLANG_ENABLE_OBJC_WEAK = YES;
				CLANG_WARN_BLOCK_CAPTURE_AUTORELEASING = YES;
				CLANG_WARN_BOOL_CONVERSION = YES;
				CLANG_WARN_COMMA = YES;
				CLANG_WARN_CONSTANT_CONVERSION = YES;
				CLANG_WARN_DEPRECATED_OBJC_IMPLEMENTATIONS = YES;
				CLANG_WARN_DIRECT_OBJC_ISA_USAGE = YES_ERROR;
				CLANG_WARN_DOCUMENTATION_COMMENTS = YES;
				CLANG_WARN_EMPTY_BODY = YES;
				CLANG_WARN_ENUM_CONVERSION = YES;
				CLANG_WARN_INFINITE_RECURSION = YES;
				CLANG_WARN_INT_CONVERSION = YES;
				CLANG_WARN_NON_LITERAL_NULL_CONVERSION = YES;
				CLANG_WARN_OBJC_IMPLICIT_RETAIN_SELF = YES;
				CLANG_WARN_OBJC_LITERAL_CONVERSION = YES;
				CLANG_WARN_OBJC_ROOT_CLASS = YES_ERROR;
				CLANG_WARN_QUOTED_INCLUDE_IN_FRAMEWORK_HEADER = YES;
				CLANG_WARN_RANGE_LOOP_ANALYSIS = YES;
				CLANG_WARN_STRICT_PROTOTYPES = YES;
				CLANG_WARN_SUSPICIOUS_MOVE = YES;
				CLANG_WARN_UNGUARDED_AVAILABILITY = YES_AGGRESSIVE;
				CLANG_WARN_UNREACHABLE_CODE = YES;
				CLANG_WARN__DUPLICATE_METHOD_MATCH = YES;
				COPY_PHASE_STRIP = NO;
				DEBUG_INFORMATION_FORMAT = dwarf;
				ENABLE_STRICT_OBJC_MSGSEND = YES;
				ENABLE_TESTABILITY = YES;
				GCC_C_LANGUAGE_STANDARD = gnu11;
				GCC_DYNAMIC_NO_PIC = NO;
				GCC_NO_COMMON_BLOCKS = YES;
				GCC_OPTIMIZATION_LEVEL = 0;
				GCC_PREPROCESSOR_DEFINITIONS = (
					"DEBUG=1",
					"$(inherited)",
				);
				GCC_WARN_64_TO_32_BIT_CONVERSION = YES;
				GCC_WARN_ABOUT_RETURN_TYPE = YES_ERROR;
				GCC_WARN_UNDECLARED_SELECTOR = YES;
				GCC_WARN_UNINITIALIZED_AUTOS = YES_AGGRESSIVE;
				GCC_WARN_UNUSED_FUNCTION = YES;
				GCC_WARN_UNUSED_VARIABLE = YES;
				IPHONEOS_DEPLOYMENT_TARGET = 16.2;
				MTL_ENABLE_DEBUG_INFO = INCLUDE_SOURCE;
				MTL_FAST_MATH = YES;
				ONLY_ACTIVE_ARCH = YES;
				SDKROOT = iphoneos;
				SWIFT_ACTIVE_COMPILATION_CONDITIONS = DEBUG;
				SWIFT_OPTIMIZATION_LEVEL = "-Onone";
			};
			name = Debug;
		};
		84C2DC1E29F1A760004DECD0 /* Release */ = {
			isa = XCBuildConfiguration;
			buildSettings = {
				ALWAYS_SEARCH_USER_PATHS = NO;
				CLANG_ANALYZER_NONNULL = YES;
				CLANG_ANALYZER_NUMBER_OBJECT_CONVERSION = YES_AGGRESSIVE;
				CLANG_CXX_LANGUAGE_STANDARD = "gnu++20";
				CLANG_ENABLE_MODULES = YES;
				CLANG_ENABLE_OBJC_ARC = YES;
				CLANG_ENABLE_OBJC_WEAK = YES;
				CLANG_WARN_BLOCK_CAPTURE_AUTORELEASING = YES;
				CLANG_WARN_BOOL_CONVERSION = YES;
				CLANG_WARN_COMMA = YES;
				CLANG_WARN_CONSTANT_CONVERSION = YES;
				CLANG_WARN_DEPRECATED_OBJC_IMPLEMENTATIONS = YES;
				CLANG_WARN_DIRECT_OBJC_ISA_USAGE = YES_ERROR;
				CLANG_WARN_DOCUMENTATION_COMMENTS = YES;
				CLANG_WARN_EMPTY_BODY = YES;
				CLANG_WARN_ENUM_CONVERSION = YES;
				CLANG_WARN_INFINITE_RECURSION = YES;
				CLANG_WARN_INT_CONVERSION = YES;
				CLANG_WARN_NON_LITERAL_NULL_CONVERSION = YES;
				CLANG_WARN_OBJC_IMPLICIT_RETAIN_SELF = YES;
				CLANG_WARN_OBJC_LITERAL_CONVERSION = YES;
				CLANG_WARN_OBJC_ROOT_CLASS = YES_ERROR;
				CLANG_WARN_QUOTED_INCLUDE_IN_FRAMEWORK_HEADER = YES;
				CLANG_WARN_RANGE_LOOP_ANALYSIS = YES;
				CLANG_WARN_STRICT_PROTOTYPES = YES;
				CLANG_WARN_SUSPICIOUS_MOVE = YES;
				CLANG_WARN_UNGUARDED_AVAILABILITY = YES_AGGRESSIVE;
				CLANG_WARN_UNREACHABLE_CODE = YES;
				CLANG_WARN__DUPLICATE_METHOD_MATCH = YES;
				COPY_PHASE_STRIP = NO;
				DEBUG_INFORMATION_FORMAT = "dwarf-with-dsym";
				ENABLE_NS_ASSERTIONS = NO;
				ENABLE_STRICT_OBJC_MSGSEND = YES;
				GCC_C_LANGUAGE_STANDARD = gnu11;
				GCC_NO_COMMON_BLOCKS = YES;
				GCC_WARN_64_TO_32_BIT_CONVERSION = YES;
				GCC_WARN_ABOUT_RETURN_TYPE = YES_ERROR;
				GCC_WARN_UNDECLARED_SELECTOR = YES;
				GCC_WARN_UNINITIALIZED_AUTOS = YES_AGGRESSIVE;
				GCC_WARN_UNUSED_FUNCTION = YES;
				GCC_WARN_UNUSED_VARIABLE = YES;
				IPHONEOS_DEPLOYMENT_TARGET = 16.2;
				MTL_ENABLE_DEBUG_INFO = NO;
				MTL_FAST_MATH = YES;
				SDKROOT = iphoneos;
				SWIFT_COMPILATION_MODE = wholemodule;
				SWIFT_OPTIMIZATION_LEVEL = "-O";
				VALIDATE_PRODUCT = YES;
			};
			name = Release;
		};
		84C2DC2029F1A760004DECD0 /* Debug */ = {
			isa = XCBuildConfiguration;
			buildSettings = {
				ASSETCATALOG_COMPILER_APPICON_NAME = AppIcon;
				ASSETCATALOG_COMPILER_GLOBAL_ACCENT_COLOR_NAME = AccentColor;
				CODE_SIGN_STYLE = Automatic;
				CURRENT_PROJECT_VERSION = 1;
				DEVELOPMENT_ASSET_PATHS = "\"Fruits/Preview Content\"";
				DEVELOPMENT_TEAM = G29RW88958;
				ENABLE_PREVIEWS = YES;
				GENERATE_INFOPLIST_FILE = YES;
				INFOPLIST_KEY_UIApplicationSceneManifest_Generation = YES;
				INFOPLIST_KEY_UIApplicationSupportsIndirectInputEvents = YES;
				INFOPLIST_KEY_UILaunchScreen_Generation = YES;
				INFOPLIST_KEY_UISupportedInterfaceOrientations = UIInterfaceOrientationPortrait;
				INFOPLIST_KEY_UISupportedInterfaceOrientations_iPad = "UIInterfaceOrientationLandscapeLeft UIInterfaceOrientationLandscapeRight UIInterfaceOrientationPortrait UIInterfaceOrientationPortraitUpsideDown";
				LD_RUNPATH_SEARCH_PATHS = (
					"$(inherited)",
					"@executable_path/Frameworks",
				);
				MARKETING_VERSION = 1.0;
				PRODUCT_BUNDLE_IDENTIFIER = "Yurii-Popleta.Fruits";
				PRODUCT_NAME = "$(TARGET_NAME)";
				SWIFT_EMIT_LOC_STRINGS = YES;
				SWIFT_VERSION = 5.0;
				TARGETED_DEVICE_FAMILY = "1,2";
			};
			name = Debug;
		};
		84C2DC2129F1A760004DECD0 /* Release */ = {
			isa = XCBuildConfiguration;
			buildSettings = {
				ASSETCATALOG_COMPILER_APPICON_NAME = AppIcon;
				ASSETCATALOG_COMPILER_GLOBAL_ACCENT_COLOR_NAME = AccentColor;
				CODE_SIGN_STYLE = Automatic;
				CURRENT_PROJECT_VERSION = 1;
				DEVELOPMENT_ASSET_PATHS = "\"Fruits/Preview Content\"";
				DEVELOPMENT_TEAM = G29RW88958;
				ENABLE_PREVIEWS = YES;
				GENERATE_INFOPLIST_FILE = YES;
				INFOPLIST_KEY_UIApplicationSceneManifest_Generation = YES;
				INFOPLIST_KEY_UIApplicationSupportsIndirectInputEvents = YES;
				INFOPLIST_KEY_UILaunchScreen_Generation = YES;
				INFOPLIST_KEY_UISupportedInterfaceOrientations = UIInterfaceOrientationPortrait;
				INFOPLIST_KEY_UISupportedInterfaceOrientations_iPad = "UIInterfaceOrientationLandscapeLeft UIInterfaceOrientationLandscapeRight UIInterfaceOrientationPortrait UIInterfaceOrientationPortraitUpsideDown";
				LD_RUNPATH_SEARCH_PATHS = (
					"$(inherited)",
					"@executable_path/Frameworks",
				);
				MARKETING_VERSION = 1.0;
				PRODUCT_BUNDLE_IDENTIFIER = "Yurii-Popleta.Fruits";
				PRODUCT_NAME = "$(TARGET_NAME)";
				SWIFT_EMIT_LOC_STRINGS = YES;
				SWIFT_VERSION = 5.0;
				TARGETED_DEVICE_FAMILY = "1,2";
			};
			name = Release;
		};
/* End XCBuildConfiguration section */

/* Begin XCConfigurationList section */
		84C2DC0C29F1A75E004DECD0 /* Build configuration list for PBXProject "Fruits" */ = {
			isa = XCConfigurationList;
			buildConfigurations = (
				84C2DC1D29F1A760004DECD0 /* Debug */,
				84C2DC1E29F1A760004DECD0 /* Release */,
			);
			defaultConfigurationIsVisible = 0;
			defaultConfigurationName = Release;
		};
		84C2DC1F29F1A760004DECD0 /* Build configuration list for PBXNativeTarget "Fruits" */ = {
			isa = XCConfigurationList;
			buildConfigurations = (
				84C2DC2029F1A760004DECD0 /* Debug */,
				84C2DC2129F1A760004DECD0 /* Release */,
			);
			defaultConfigurationIsVisible = 0;
			defaultConfigurationName = Release;
		};
/* End XCConfigurationList section */
	};
	rootObject = 84C2DC0929F1A75E004DECD0 /* Project object */;
}
